blueos_example_msgs/msg/EmptyRequest 1 c68021c2502c3be6ffc4513d5676aa0f2455735067637b140bf3bf25aa468a35
blueos_example_msgs/msg/LevelQueryResponse 1 bda1bb14b7a2049ff658a4dbae2c184b8a4d55f93e49016e19af485a5cdcaeaf
blueos_example_msgs/msg/PumpState 1 6215cb662787286e509de135d67fd5f44f8af0457bf53d1d16b16c6c23fee04f
blueos_example_msgs/msg/SelfTestCompleted 1 56b9a3c235af48f790fe2908b6ede6900a5a0fcb4e4d01b74dd292a60c2981c3
blueos_example_msgs/msg/SetLevelRequest 1 be096860f034f1daa4d040a2ceeb4d1e7795c96c830eaebe2e8596de0139697a
blueos_msgs/msg/CommandAck 1 2d420dd01bb5d513cbcdd12bc4621ce4db2d06e949e43f2a0edc2e2e4ec28e08
blueos_msgs/msg/JobList 1 91204d70a1e8149da07ef5ef91326891f9d349e2e8fb20b8806d46d00eeaaa94
blueos_msgs/msg/JobStatus 1 651b2c06941a0b71d61e84843ba3d6025cb8e8746bd60535745a4c2f79c1333e
blueos_msgs/msg/RestartRequired 1 8edfca28e8c3049f808739997f5e8da3e3c21f449f37810387f2784f64ddad16
blueos_msgs/msg/ServiceInfo 1 198cf8a6cbc0d88be28dc068893297cd4a633d3dfec7603bd8c6886ff59ab62c
blueos_msgs/msg/ServiceStatus 1 ca50aaa955988a030de0913ab3025be6ff8e3599687b02b67aa112031e11026e
blueos_msgs/msg/SettingField 1 fdee6ae3798056196f2778fb145aa98603336d5904bcc896eb36628b0ffd854a
blueos_msgs/msg/SettingsEnvelope 1 ac8909e76ae6cc15fc965f2788d4c4a6861780325983d095ab51f2c26eabb3d7
blueos_recorder_msgs/msg/CancelRepairCommand 1 fe1f8e4d332e8cd418c690209e24341d78c28192836f9e7dace3d744000d0537
blueos_recorder_msgs/msg/ChannelMessageCount 1 4dddcdd6a08be33187052e0fbeddc45c6c862696179221d2696d9b8fded7b491
blueos_recorder_msgs/msg/ChunkIndexEntry 1 c80e8a7917b494123e3bcde08fec3dccb69778717ac41fffb3a4ca35fbad2d7d
blueos_recorder_msgs/msg/DeleteRecordingCommand 1 fe1f8e4d332e8cd418c690209e24341d78c28192836f9e7dace3d744000d0537
blueos_recorder_msgs/msg/RecordingFile 1 3dc11f1c1d1ca3a920aa3905fddfc31e197dfa050e4c22eed010f99673c299a9
blueos_recorder_msgs/msg/RecordingIndex 1 f0c4e7d33523074d888303f6fa11a9c50d5ddf7849ecc8453d9f4c171469aaa6
blueos_recorder_msgs/msg/RecordingIndexRequest 1 8745d0b53b35d284c5afdf18ba05c74f85b00a38be4c2996a8f475a22e46b933
blueos_recorder_msgs/msg/RecordingLibrary 1 a8394ef3584c9d8242355e3278a7e52f961c1e4828bed9b319ec6eaa1c7300a8
blueos_recorder_msgs/msg/RecordingOperation 1 7529180f6db32ff6eda3c9a33ca189efc3c120e590fd21a7e3624ffbc9b2b5c3
blueos_recorder_msgs/msg/RecordingPolicy 1 a47b3e8662afc4708fd2737272ad5e2cf34aa038a09052668136eae3abf5289d
blueos_recorder_msgs/msg/RecordingState 1 260f61bb483d1c4fff255a5f35af2f0eea1f37f5d516e7e5a86101a3a53a3d04
blueos_recorder_msgs/msg/RepairRecordingCommand 1 fe1f8e4d332e8cd418c690209e24341d78c28192836f9e7dace3d744000d0537
blueos_recorder_msgs/msg/SetPolicyCommand 1 1b4c242f01e3b5c29993e8b40ceb5f7632bc6c9745b4e30d34d872008730bb94
blueos_recorder_msgs/msg/SnapshotRecordingCommand 1 fe1f8e4d332e8cd418c690209e24341d78c28192836f9e7dace3d744000d0537
blueos_recorder_msgs/msg/StartRecordingCommand 1 79c7c8977e9eea0e3579b46446020694cf5077521d562efdd3423f7deee0dbfd
blueos_recorder_msgs/msg/StopRecordingCommand 1 ed7790221fc6db92364c8df66f98371774d241ef5cd4cb43f38c5bc52d29490f
builtin_interfaces/msg/Duration 1 791c8b5eef1ba529413bd3bbf61fbf558d49fd64c52b7ef3e8e307344f68b3c5
builtin_interfaces/msg/Time 1 791c8b5eef1ba529413bd3bbf61fbf558d49fd64c52b7ef3e8e307344f68b3c5
foxglove_msgs/msg/Log 1 17bac833384fb2b2ff5d77333fe5bd0349c383677647df7136a82bd196c8bf94
std_msgs/msg/Header 1 0ddf448d1bc9603b1e6f0a5975f7df8d74e99cbe30c321088d895fb78ae84693
