blueos/v1/example/command/AnswerPermission 1 type=blueos_msgs/msg/PermissionAnswer
blueos/v1/example/command/CancelJob 1 type=std_msgs/msg/Empty
blueos/v1/example/command/PauseJob 1 type=std_msgs/msg/Empty
blueos/v1/example/command/ResumeJob 1 type=std_msgs/msg/Empty
blueos/v1/example/command/SetLevel 1 type=blueos_example_msgs/action/SetLevel
blueos/v1/example/command/UpdateSettings 1 type=blueos_msgs/action/UpdateSettings
blueos/v1/example/jobs 1 type=blueos_msgs/msg/JobList
blueos/v1/example/jobs/SetLevel/feedback 1 type=blueos_msgs/msg/JobFeedbackList
blueos/v1/example/jobs/SetLevel/history 1 type=blueos_msgs/msg/JobList
blueos/v1/example/jobs/SetLevel/result 1 type=blueos_msgs/msg/JobResult
blueos/v1/example/jobs/UpdateSettings/feedback 1 type=blueos_msgs/msg/JobFeedbackList
blueos/v1/example/jobs/UpdateSettings/history 1 type=blueos_msgs/msg/JobList
blueos/v1/example/jobs/UpdateSettings/result 1 type=blueos_msgs/msg/JobResult
blueos/v1/example/log 1 type=foxglove_msgs/msg/Log
blueos/v1/example/query/Level 1 type=blueos_example_msgs/srv/Level
blueos/v1/example/query/info 1 type=blueos_msgs/msg/ServiceInfo
blueos/v1/example/settings 1 type=blueos_msgs/msg/SettingsEnvelope
blueos/v1/example/state/pump 1 type=blueos_example_msgs/msg/PumpState
blueos/v1/example/state/status 1 type=blueos_msgs/msg/ServiceStatus
blueos/v1/recorder/command/AnswerPermission 1 type=blueos_msgs/msg/PermissionAnswer
blueos/v1/recorder/command/CancelJob 1 type=std_msgs/msg/Empty
blueos/v1/recorder/command/DeleteRecording 1 type=blueos_recorder_msgs/action/DeleteRecording
blueos/v1/recorder/command/PauseJob 1 type=std_msgs/msg/Empty
blueos/v1/recorder/command/RepairRecording 1 type=blueos_recorder_msgs/action/RepairRecording
blueos/v1/recorder/command/ResumeJob 1 type=std_msgs/msg/Empty
blueos/v1/recorder/command/SnapshotRecording 1 type=blueos_recorder_msgs/action/SnapshotRecording
blueos/v1/recorder/command/Start 1 type=blueos_recorder_msgs/action/StartRecording
blueos/v1/recorder/command/Stop 1 type=blueos_recorder_msgs/action/StopRecording
blueos/v1/recorder/command/UpdateSettings 1 type=blueos_msgs/action/UpdateSettings
blueos/v1/recorder/jobs 1 type=blueos_msgs/msg/JobList
blueos/v1/recorder/jobs/DeleteRecording/feedback 1 type=blueos_msgs/msg/JobFeedbackList
blueos/v1/recorder/jobs/DeleteRecording/history 1 type=blueos_msgs/msg/JobList
blueos/v1/recorder/jobs/DeleteRecording/result 1 type=blueos_msgs/msg/JobResult
blueos/v1/recorder/jobs/RepairRecording/feedback 1 type=blueos_msgs/msg/JobFeedbackList
blueos/v1/recorder/jobs/RepairRecording/history 1 type=blueos_msgs/msg/JobList
blueos/v1/recorder/jobs/RepairRecording/result 1 type=blueos_msgs/msg/JobResult
blueos/v1/recorder/jobs/SnapshotRecording/feedback 1 type=blueos_msgs/msg/JobFeedbackList
blueos/v1/recorder/jobs/SnapshotRecording/history 1 type=blueos_msgs/msg/JobList
blueos/v1/recorder/jobs/SnapshotRecording/result 1 type=blueos_msgs/msg/JobResult
blueos/v1/recorder/jobs/Start/feedback 1 type=blueos_msgs/msg/JobFeedbackList
blueos/v1/recorder/jobs/Start/history 1 type=blueos_msgs/msg/JobList
blueos/v1/recorder/jobs/Start/result 1 type=blueos_msgs/msg/JobResult
blueos/v1/recorder/jobs/Stop/feedback 1 type=blueos_msgs/msg/JobFeedbackList
blueos/v1/recorder/jobs/Stop/history 1 type=blueos_msgs/msg/JobList
blueos/v1/recorder/jobs/Stop/result 1 type=blueos_msgs/msg/JobResult
blueos/v1/recorder/jobs/UpdateSettings/feedback 1 type=blueos_msgs/msg/JobFeedbackList
blueos/v1/recorder/jobs/UpdateSettings/history 1 type=blueos_msgs/msg/JobList
blueos/v1/recorder/jobs/UpdateSettings/result 1 type=blueos_msgs/msg/JobResult
blueos/v1/recorder/log 1 type=foxglove_msgs/msg/Log
blueos/v1/recorder/query/index 1 type=blueos_recorder_msgs/srv/RecordingIndex
blueos/v1/recorder/query/info 1 type=blueos_msgs/msg/ServiceInfo
blueos/v1/recorder/settings 1 type=blueos_msgs/msg/SettingsEnvelope
blueos/v1/recorder/state/library 1 type=blueos_recorder_msgs/msg/RecordingLibrary
blueos/v1/recorder/state/recording 1 type=blueos_recorder_msgs/msg/RecordingState
blueos/v1/recorder/state/status 1 type=blueos_msgs/msg/ServiceStatus
blueos_example_msgs/action/SetLevel_Feedback 1 level:uint8
blueos_example_msgs/action/SetLevel_Goal 1 level:uint8
blueos_example_msgs/action/SetLevel_Result 1 level:uint8
blueos_example_msgs/msg/PumpState 1 level:uint8;max_level:uint8;self_test_phase:uint8;self_test_active:bool
blueos_example_msgs/msg/SelfTestCompleted 1 passed:bool;detail:string
blueos_example_msgs/srv/Level_Request 1
blueos_example_msgs/srv/Level_Response 1 level:uint8;max_level:uint8
blueos_msgs/action/UpdateSettings_Feedback 1
blueos_msgs/action/UpdateSettings_Goal 1 envelope:blueos_msgs/SettingsEnvelope
blueos_msgs/action/UpdateSettings_Result 1
blueos_msgs/msg/CommandAck 1 accepted:bool;job_id:string;status:uint8;reason:string
blueos_msgs/msg/EndpointInfo 1 kind:string;name:string;key:string;interface_type:string;schema:string
blueos_msgs/msg/JobFeedback 1 job_id:string;feedback:uint8[]
blueos_msgs/msg/JobFeedbackList 1 jobs:blueos_msgs/JobFeedback[]
blueos_msgs/msg/JobList 1 jobs:blueos_msgs/JobStatus[]
blueos_msgs/msg/JobResult 1 job:blueos_msgs/JobStatus;result:uint8[]
blueos_msgs/msg/JobStatus 1 job_id:string;job_type:string;status:uint8;reason:string
blueos_msgs/msg/PermissionAnswer 1 granted:bool
blueos_msgs/msg/RestartRequired 1 fields:string[]
blueos_msgs/msg/ServiceInfo 1 name:string;version:string;build:string;capabilities:string[];endpoints:blueos_msgs/EndpointInfo[]
blueos_msgs/msg/ServiceStatus 1 status:uint8;detail:string
blueos_msgs/msg/SettingField 1 path:string;restart_required:bool
blueos_msgs/msg/SettingsEnvelope 1 document_json:string;fields:blueos_msgs/SettingField[]
blueos_recorder_msgs/action/DeleteRecording_Feedback 1
blueos_recorder_msgs/action/DeleteRecording_Goal 1 path:string
blueos_recorder_msgs/action/DeleteRecording_Result 1 path:string
blueos_recorder_msgs/action/RepairRecording_Feedback 1 bytes_processed:uint64;total_bytes:uint64
blueos_recorder_msgs/action/RepairRecording_Goal 1 path:string
blueos_recorder_msgs/action/RepairRecording_Result 1 path:string
blueos_recorder_msgs/action/SnapshotRecording_Feedback 1 output_path:string
blueos_recorder_msgs/action/SnapshotRecording_Goal 1 path:string
blueos_recorder_msgs/action/SnapshotRecording_Result 1 path:string;output_path:string
blueos_recorder_msgs/action/StartRecording_Feedback 1
blueos_recorder_msgs/action/StartRecording_Goal 1 rotate_if_active:bool
blueos_recorder_msgs/action/StartRecording_Result 1
blueos_recorder_msgs/action/StopRecording_Feedback 1
blueos_recorder_msgs/action/StopRecording_Goal 1
blueos_recorder_msgs/action/StopRecording_Result 1
blueos_recorder_msgs/msg/ChannelMessageCount 1 channel_id:uint16;count:uint64
blueos_recorder_msgs/msg/ChunkIndexEntry 1 start_time:uint64;end_time:uint64;offset:uint64;length:uint64;compression:string;compressed_size:uint64;uncompressed_size:uint64;channel_ids:uint16[];message_index_length:uint64
blueos_recorder_msgs/msg/RecordingContents 1 path:string;duration:builtin_interfaces/Duration;video_topics:string[];other_topic_count:uint32
blueos_recorder_msgs/msg/RecordingFile 1 path:string;name:string;size_bytes:uint64;created:builtin_interfaces/Time;state:uint8;repair_bytes_processed:uint64;repair_total_bytes:uint64;repair_bytes_per_second:float64;repair_error:string;allowed_operations:string[];repair_job_id:string
blueos_recorder_msgs/msg/RecordingLibrary 1 files:blueos_recorder_msgs/RecordingFile[];contents:blueos_recorder_msgs/RecordingContents[]
blueos_recorder_msgs/msg/RecordingState 1 armed:bool;session_active:bool;current_file:string;session_bytes_written:uint64;recording_video_topics:string[];samples_dropped:uint64
blueos_recorder_msgs/srv/RecordingBytes_Request 1 path:string;offset:uint64;length:uint32
blueos_recorder_msgs/srv/RecordingBytes_Response 1 size:uint64;data:uint8[]
blueos_recorder_msgs/srv/RecordingIndex_Request 1 path:string;from_offset:uint64;limit:uint32
blueos_recorder_msgs/srv/RecordingIndex_Response 1 size:uint64;offset:uint64;closed:bool;chunks:blueos_recorder_msgs/ChunkIndexEntry[];message_counts:blueos_recorder_msgs/ChannelMessageCount[];records:uint8[]
builtin_interfaces/msg/Duration 1 sec:int32;nanosec:uint32
builtin_interfaces/msg/Time 1 sec:int32;nanosec:uint32
foxglove_msgs/msg/Log 1 timestamp:builtin_interfaces/Time;level:uint8;message:string;name:string;file:string;line:uint32
std_msgs/msg/Empty 1
std_msgs/msg/Header 1 stamp:builtin_interfaces/Time;frame_id:string
